Microsoft Visual Studio Solution File, Format Version 12.00
# Visual Studio Version 17
VisualStudioVersion = 17.5.2.0
MinimumVisualStudioVersion = 10.0.40219.1
Project("{FAE04EC0-301F-11D3-BF4B-00C04F79EFBC}") = "Moving Zeros To The End", "Moving Zeros To The End.csproj", "{6C8383C1-6A35-46A2-EC85-CEF9740D3FBA}"
EndProject
Global
	GlobalSection(SolutionConfigurationPlatforms) = preSolution
		Debug|Any CPU = Debug|Any CPU
		Release|Any CPU = Release|Any CPU
	EndGlobalSection
	GlobalSection(ProjectConfigurationPlatforms) = postSolution
		{6C8383C1-6A35-46A2-EC85-CEF9740D3FBA}.Debug|Any CPU.ActiveCfg = Debug|Any CPU
		{6C8383C1-6A35-46A2-EC85-CEF9740D3FBA}.Debug|Any CPU.Build.0 = Debug|Any CPU
		{6C8383C1-6A35-46A2-EC85-CEF9740D3FBA}.Release|Any CPU.ActiveCfg = Release|Any CPU
		{6C8383C1-6A35-46A2-EC85-CEF9740D3FBA}.Release|Any CPU.Build.0 = Release|Any CPU
	EndGlobalSection
	GlobalSection(SolutionProperties) = preSolution
		HideSolutionNode = FALSE
	EndGlobalSection
	GlobalSection(ExtensibilityGlobals) = postSolution
		SolutionGuid = {5D9C4F04-3E57-4E48-99CC-ED33B13AC92C}
	EndGlobalSection
EndGlobal
